{
  "name": "secureview-test",
  "version": "1.0.0",
  "lockfileVersion": 2,
  "requires": true,
  "packages": {
    "": {
      "name": "secureview-test",
      "version": "1.0.0",
      "dependencies": {
        "axios": "0.21.1",
        "lodash": "4.17.15"
      }
    },
    "node_modules/axios": {
      "version": "0.21.1",
      "resolved": "https://registry.npmjs.org/axios/-/axios-0.21.1.tgz",
      "integrity": "sha512-dKQtRXmTErsCTxEMQ6IR6+EMYmupTWGs80Y6nxv8t59IJqQFXTDe933Zi5ATjoTexc43Yej8scBVwmLrt479QQ==",
      "dependencies": {
        "follow-redirects": "^1.10.0"
      }
    },
    "node_modules/follow-redirects": {
      "version": "1.14.8",
      "resolved": "https://registry.npmjs.org/follow-redirects/-/follow-redirects-1.14.8.tgz",
      "integrity": "sha512-bxAL0L30GtnWeymFcpINNHHVvxnTR67680QES89OJiz41XjzA0l909Dzk9SQGVGlG9NdNz0AWmQiX3fg19DLcA=="
    },
    "node_modules/lodash": {
      "version": "4.17.15",
      "resolved": "https://registry.npmjs.org/lodash/-/lodash-4.17.15.tgz",
      "integrity": "sha512-8xHQJWFcW/De5NGUS6LstiGG3TN2000019709YGSL0388KliUWuGgYXYSWUW660jVxwj8I634667J08U88LL8g=="
    }
  },
  "dependencies": {
    "axios": {
      "version": "0.21.1",
      "resolved": "https://registry.npmjs.org/axios/-/axios-0.21.1.tgz",
      "integrity": "sha512-dKQtRXmTErsCTxEMQ6IR6+EMYmupTWGs80Y6nxv8t59IJqQFXTDe933Zi5ATjoTexc43Yej8scBVwmLrt479QQ==",
      "requires": {
        "follow-redirects": "^1.10.0"
      }
    },
    "node_modules/follow-redirects": {
      "version": "1.14.8",
      "resolved": "https://registry.npmjs.org/registry.npmjs.org/follow-redirects/-/follow-redirects-1.14.8.tgz"
    },
    "lodash": {
      "version": "4.17.15",
      "resolved": "https://registry.npmjs.org/lodash/-/lodash-4.17.15.tgz",
      "integrity": "sha512-8xHQJWFcW/De5NGUS6LstiGG3TN2000019709YGSL0388KliUWuGgYXYSWUW660jVxwj8I634667J08U88LL8g=="
    }
  }
}
